PODS:
  - crashlytics (0.0.1):
    - Crashlytics
    - Fabric
    - Flutter
  - Crashlytics (3.10.7):
    - Fabric (~> 1.7.11)
  - Fabric (1.7.11)
  - Flutter (1.0.0)

DEPENDENCIES:
  - crashlytics (from `.symlinks/plugins/crashlytics/ios`)
  - Flutter (from `.symlinks/flutter/ios`)

SPEC REPOS:
  https://github.com/cocoapods/specs.git:
    - Crashlytics
    - Fabric

EXTERNAL SOURCES:
  crashlytics:
    :path: ".symlinks/plugins/crashlytics/ios"
  Flutter:
    :path: ".symlinks/flutter/ios"

SPEC CHECKSUMS:
  Crashlytics: ccaac42660eb9351b9960c0d66106b0bcf99f4fa
  crashlytics: fbebdff6fbd449053fe20a8c7a7be4bd160f7ced
  Fabric: f233c9492b3bbc1f04e3882986740f7988a58edb
  Flutter: 9d0fac939486c9aba2809b7982dfdbb47a7b0296

PODFILE CHECKSUM: 1e5af4103afd21ca5ead147d7b81d06f494f51a2

COCOAPODS: 1.5.3
